
Microsoft Visual Studio Solution File, Format Version 12.00
# Visual Studio 2013
VisualStudioVersion = 12.0.21005.1
MinimumVisualStudioVersion = 10.0.40219.1
Project("{8BC9CEB8-8B4A-11D0-8D11-00A0C91BC942}") = "MilitaryChess", "MilitaryChess\MilitaryChess.vcxproj", "{0600E04E-5CF6-43F4-989A-86715D77942F}"
EndProject
Project("{8BC9CEB8-8B4A-11D0-8D11-00A0C91BC942}") = "MilitaryChessServer", "MilitaryChessServer\MilitaryChessServer.vcxproj", "{38AAF6B3-3EF1-4361-B6CA-97BCEF4C4586}"
EndProject
Project("{8BC9CEB8-8B4A-11D0-8D11-00A0C91BC942}") = "MilitaryChessClient", "MilitaryChessClient\MilitaryChessClient.vcxproj", "{248C8C70-2241-4C11-8115-7DD2EB85F9B1}"
EndProject
Global
	GlobalSection(SolutionConfigurationPlatforms) = preSolution
		Debug|Win32 = Debug|Win32
		Release|Win32 = Release|Win32
	EndGlobalSection
	GlobalSection(ProjectConfigurationPlatforms) = postSolution
		{0600E04E-5CF6-43F4-989A-86715D77942F}.Debug|Win32.ActiveCfg = Debug|Win32
		{0600E04E-5CF6-43F4-989A-86715D77942F}.Debug|Win32.Build.0 = Debug|Win32
		{0600E04E-5CF6-43F4-989A-86715D77942F}.Release|Win32.ActiveCfg = Release|Win32
		{0600E04E-5CF6-43F4-989A-86715D77942F}.Release|Win32.Build.0 = Release|Win32
		{38AAF6B3-3EF1-4361-B6CA-97BCEF4C4586}.Debug|Win32.ActiveCfg = Debug|Win32
		{38AAF6B3-3EF1-4361-B6CA-97BCEF4C4586}.Debug|Win32.Build.0 = Debug|Win32
		{38AAF6B3-3EF1-4361-B6CA-97BCEF4C4586}.Release|Win32.ActiveCfg = Release|Win32
		{38AAF6B3-3EF1-4361-B6CA-97BCEF4C4586}.Release|Win32.Build.0 = Release|Win32
		{248C8C70-2241-4C11-8115-7DD2EB85F9B1}.Debug|Win32.ActiveCfg = Debug|Win32
		{248C8C70-2241-4C11-8115-7DD2EB85F9B1}.Debug|Win32.Build.0 = Debug|Win32
		{248C8C70-2241-4C11-8115-7DD2EB85F9B1}.Release|Win32.ActiveCfg = Release|Win32
		{248C8C70-2241-4C11-8115-7DD2EB85F9B1}.Release|Win32.Build.0 = Release|Win32
	EndGlobalSection
	GlobalSection(SolutionProperties) = preSolution
		HideSolutionNode = FALSE
	EndGlobalSection
EndGlobal
